
Microsoft Visual Studio Solution File, Format Version 12.00
# Visual Studio 2012
Project("{FAE04EC0-301F-11D3-BF4B-00C04F79EFBC}") = "MyPictureDownloader", "MyPictureDownloader\MyPictureDownloader.csproj", "{1750D5C3-E270-46A1-AC3E-96B9AB63CF89}"
EndProject
Project("{FAE04EC0-301F-11D3-BF4B-00C04F79EFBC}") = "WebRequestDemo", "WebRequestDemo\WebRequestDemo.csproj", "{B01DB876-767F-4A27-B5F5-961676992397}"
EndProject
Global
	GlobalSection(SolutionConfigurationPlatforms) = preSolution
		Debug|Any CPU = Debug|Any CPU
		Release|Any CPU = Release|Any CPU
	EndGlobalSection
	GlobalSection(ProjectConfigurationPlatforms) = postSolution
		{1750D5C3-E270-46A1-AC3E-96B9AB63CF89}.Debug|Any CPU.ActiveCfg = Debug|Any CPU
		{1750D5C3-E270-46A1-AC3E-96B9AB63CF89}.Debug|Any CPU.Build.0 = Debug|Any CPU
		{1750D5C3-E270-46A1-AC3E-96B9AB63CF89}.Release|Any CPU.ActiveCfg = Release|Any CPU
		{1750D5C3-E270-46A1-AC3E-96B9AB63CF89}.Release|Any CPU.Build.0 = Release|Any CPU
		{B01DB876-767F-4A27-B5F5-961676992397}.Debug|Any CPU.ActiveCfg = Debug|Any CPU
		{B01DB876-767F-4A27-B5F5-961676992397}.Debug|Any CPU.Build.0 = Debug|Any CPU
		{B01DB876-767F-4A27-B5F5-961676992397}.Release|Any CPU.ActiveCfg = Release|Any CPU
		{B01DB876-767F-4A27-B5F5-961676992397}.Release|Any CPU.Build.0 = Release|Any CPU
	EndGlobalSection
	GlobalSection(SolutionProperties) = preSolution
		HideSolutionNode = FALSE
	EndGlobalSection
EndGlobal
